
Microsoft Visual Studio Solution File, Format Version 12.00
# Visual Studio Version 17
VisualStudioVersion = 17.8.34309.116
MinimumVisualStudioVersion = 10.0.40219.1
Project("{9A19103F-16F7-4668-BE54-9A1E7A4F7556}") = "bloomteq", "bloomteq\bloomteq.csproj", "{394F93AC-87A5-47C6-A3E7-4E4C16E6130E}"
EndProject
Project("{FAE04EC0-301F-11D3-BF4B-00C04F79EFBC}") = "bloomteqTest", "bloomteqTest\bloomteqTest.csproj", "{05904645-8408-4E4F-8306-944EF946F744}"
EndProject
Global
	GlobalSection(SolutionConfigurationPlatforms) = preSolution
		Debug|Any CPU = Debug|Any CPU
		Release|Any CPU = Release|Any CPU
	EndGlobalSection
	GlobalSection(ProjectConfigurationPlatforms) = postSolution
		{394F93AC-87A5-47C6-A3E7-4E4C16E6130E}.Debug|Any CPU.ActiveCfg = Debug|Any CPU
		{394F93AC-87A5-47C6-A3E7-4E4C16E6130E}.Debug|Any CPU.Build.0 = Debug|Any CPU
		{394F93AC-87A5-47C6-A3E7-4E4C16E6130E}.Release|Any CPU.ActiveCfg = Release|Any CPU
		{394F93AC-87A5-47C6-A3E7-4E4C16E6130E}.Release|Any CPU.Build.0 = Release|Any CPU
		{05904645-8408-4E4F-8306-944EF946F744}.Debug|Any CPU.ActiveCfg = Debug|Any CPU
		{05904645-8408-4E4F-8306-944EF946F744}.Debug|Any CPU.Build.0 = Debug|Any CPU
		{05904645-8408-4E4F-8306-944EF946F744}.Release|Any CPU.ActiveCfg = Release|Any CPU
		{05904645-8408-4E4F-8306-944EF946F744}.Release|Any CPU.Build.0 = Release|Any CPU
	EndGlobalSection
	GlobalSection(SolutionProperties) = preSolution
		HideSolutionNode = FALSE
	EndGlobalSection
	GlobalSection(ExtensibilityGlobals) = postSolution
		SolutionGuid = {B30E2DBE-E4B3-45E4-930C-A69B94F74333}
	EndGlobalSection
EndGlobal
